<Solution>
  <Folder Name="/Solution Items/">
    <File Path="README.md" />
  </Folder>
  <Project Path="OzzTradeDiary.NET/TD.Data/TD.Data.csproj" Id="8e9a7b4d-3f2c-4e1a-9b5d-6c8a9f0e2d3b" />
  <Project Path="OzzTradeDiary.NET/TD.WPF/TD.WPF.csproj" Id="4d6d7dfe-8cc3-4b3f-9c8e-9aab2ab6c4d0" />
</Solution>
